
Microsoft Visual Studio Solution File, Format Version 12.00
# Visual Studio Version 17
VisualStudioVersion = 17.5.33424.131
MinimumVisualStudioVersion = 10.0.40219.1
Project("{FAE04EC0-301F-11D3-BF4B-00C04F79EFBC}") = "Lista de Compras", "Lista de Compras\Lista de Compras.csproj", "{6137446F-3A82-408A-9BE1-730DB01779FB}"
EndProject
Global
	GlobalSection(SolutionConfigurationPlatforms) = preSolution
		Debug|Any CPU = Debug|Any CPU
		Release|Any CPU = Release|Any CPU
	EndGlobalSection
	GlobalSection(ProjectConfigurationPlatforms) = postSolution
		{6137446F-3A82-408A-9BE1-730DB01779FB}.Debug|Any CPU.ActiveCfg = Debug|Any CPU
		{6137446F-3A82-408A-9BE1-730DB01779FB}.Debug|Any CPU.Build.0 = Debug|Any CPU
		{6137446F-3A82-408A-9BE1-730DB01779FB}.Release|Any CPU.ActiveCfg = Release|Any CPU
		{6137446F-3A82-408A-9BE1-730DB01779FB}.Release|Any CPU.Build.0 = Release|Any CPU
	EndGlobalSection
	GlobalSection(SolutionProperties) = preSolution
		HideSolutionNode = FALSE
	EndGlobalSection
	GlobalSection(ExtensibilityGlobals) = postSolution
		SolutionGuid = {2234E0B3-E239-40DC-95FB-6217505E2934}
	EndGlobalSection
EndGlobal
